// !$*UTF8*$!
{
	archiveVersion = 1;
	classes = {
	};
	objectVersion = 56;
	objects = {

/* Begin PBXBuildFile section */
		142B099E2A34B2E400B0870D /* Notes Watch App.app in Embed Watch Content */ = {isa = PBXBuildFile; fileRef = 142B099D2A34B2E400B0870D /* Notes Watch App.app */; settings = {ATTRIBUTES = (RemoveHeadersOnCopy, ); }; };
		142B09A32A34B2E400B0870D /* NotesApp.swift in Sources */ = {isa = PBXBuildFile; fileRef = 142B09A22A34B2E400B0870D /* NotesApp.swift */; };
		142B09A52A34B2E400B0870D /* ContentView.swift in Sources */ = {isa = PBXBuildFile; fileRef = 142B09A42A34B2E400B0870D /* ContentView.swift */; };
		142B09A72A34B2E700B0870D /* Assets.xcassets in Resources */ = {isa = PBXBuildFile; fileRef = 142B09A62A34B2E700B0870D /* Assets.xcassets */; };
		142B09AA2A34B2E700B0870D /* Preview Assets.xcassets in Resources */ = {isa = PBXBuildFile; fileRef = 142B09A92A34B2E700B0870D /* Preview Assets.xcassets */; };
		142B09B72A34B37700B0870D /* Note.swift in Sources */ = {isa = PBXBuildFile; fileRef = 142B09B62A34B37700B0870D /* Note.swift */; };
		142B09B92A34B99400B0870D /* DetailView.swift in Sources */ = {isa = PBXBuildFile; fileRef = 142B09B82A34B99400B0870D /* DetailView.swift */; };
/* End PBXBuildFile section */

/* Begin PBXContainerItemProxy section */
		142B099F2A34B2E400B0870D /* PBXContainerItemProxy */ = {
			isa = PBXContainerItemProxy;
			containerPortal = 142B09912A34B2E400B0870D /* Project object */;
			proxyType = 1;
			remoteGlobalIDString = 142B099C2A34B2E400B0870D;
			remoteInfo = "Notes Watch App";
		};
/* End PBXContainerItemProxy section */

/* Begin PBXCopyFilesBuildPhase section */
		142B09B02A34B2E700B0870D /* Embed Watch Content */ = {
			isa = PBXCopyFilesBuildPhase;
			buildActionMask = 2147483647;
			dstPath = "$(CONTENTS_FOLDER_PATH)/Watch";
			dstSubfolderSpec = 16;
			files = (
				142B099E2A34B2E400B0870D /* Notes Watch App.app in Embed Watch Content */,
			);
			name = "Embed Watch Content";
			runOnlyForDeploymentPostprocessing = 0;
		};
/* End PBXCopyFilesBuildPhase section */

/* Begin PBXFileReference section */
		142B09972A34B2E400B0870D /* Notes.app */ = {isa = PBXFileReference; explicitFileType = wrapper.application; includeInIndex = 0; path = Notes.app; sourceTree = BUILT_PRODUCTS_DIR; };
		142B099D2A34B2E400B0870D /* Notes Watch App.app */ = {isa = PBXFileReference; explicitFileType = wrapper.application; includeInIndex = 0; path = "Notes Watch App.app"; sourceTree = BUILT_PRODUCTS_DIR; };
		142B09A22A34B2E400B0870D /* NotesApp.swift */ = {isa = PBXFileReference; lastKnownFileType = sourcecode.swift; path = NotesApp.swift; sourceTree = "<group>"; };
		142B09A42A34B2E400B0870D /* ContentView.swift */ = {isa = PBXFileReference; lastKnownFileType = sourcecode.swift; path = ContentView.swift; sourceTree = "<group>"; };
		142B09A62A34B2E700B0870D /* Assets.xcassets */ = {isa = PBXFileReference; lastKnownFileType = folder.assetcatalog; path = Assets.xcassets; sourceTree = "<group>"; };
		142B09A92A34B2E700B0870D /* Preview Assets.xcassets */ = {isa = PBXFileReference; lastKnownFileType = folder.assetcatalog; path = "Preview Assets.xcassets"; sourceTree = "<group>"; };
		142B09B62A34B37700B0870D /* Note.swift */ = {isa = PBXFileReference; lastKnownFileType = sourcecode.swift; path = Note.swift; sourceTree = "<group>"; };
		142B09B82A34B99400B0870D /* DetailView.swift */ = {isa = PBXFileReference; lastKnownFileType = sourcecode.swift; path = DetailView.swift; sourceTree = "<group>"; };
/* End PBXFileReference section */

/* Begin PBXFrameworksBuildPhase section */
		142B099A2A34B2E400B0870D /* Frameworks */ = {
			isa = PBXFrameworksBuildPhase;
			buildActionMask = 2147483647;
			files = (
			);
			runOnlyForDeploymentPostprocessing = 0;
		};
/* End PBXFrameworksBuildPhase section */

/* Begin PBXGroup section */
		142B09902A34B2E400B0870D = {
			isa = PBXGroup;
			children = (
				142B09A12A34B2E400B0870D /* Notes Watch App */,
				142B09982A34B2E400B0870D /* Products */,
			);
			sourceTree = "<group>";
		};
		142B09982A34B2E400B0870D /* Products */ = {
			isa = PBXGroup;
			children = (
				142B09972A34B2E400B0870D /* Notes.app */,
				142B099D2A34B2E400B0870D /* Notes Watch App.app */,
			);
			name = Products;
			sourceTree = "<group>";
		};
		142B09A12A34B2E400B0870D /* Notes Watch App */ = {
			isa = PBXGroup;
			children = (
				142B09A22A34B2E400B0870D /* NotesApp.swift */,
				142B09B52A34B36C00B0870D /* Model */,
				142B09B42A34B36600B0870D /* View */,
				142B09A62A34B2E700B0870D /* Assets.xcassets */,
				142B09A82A34B2E700B0870D /* Preview Content */,
			);
			path = "Notes Watch App";
			sourceTree = "<group>";
		};
		142B09A82A34B2E700B0870D /* Preview Content */ = {
			isa = PBXGroup;
			children = (
				142B09A92A34B2E700B0870D /* Preview Assets.xcassets */,
			);
			path = "Preview Content";
			sourceTree = "<group>";
		};
		142B09B42A34B36600B0870D /* View */ = {
			isa = PBXGroup;
			children = (
				142B09A42A34B2E400B0870D /* ContentView.swift */,
				142B09B82A34B99400B0870D /* DetailView.swift */,
			);
			path = View;
			sourceTree = "<group>";
		};
		142B09B52A34B36C00B0870D /* Model */ = {
			isa = PBXGroup;
			children = (
				142B09B62A34B37700B0870D /* Note.swift */,
			);
			path = Model;
			sourceTree = "<group>";
		};
/* End PBXGroup section */

/* Begin PBXNativeTarget section */
		142B09962A34B2E400B0870D /* Notes */ = {
			isa = PBXNativeTarget;
			buildConfigurationList = 142B09B12A34B2E700B0870D /* Build configuration list for PBXNativeTarget "Notes" */;
			buildPhases = (
				142B09952A34B2E400B0870D /* Resources */,
				142B09B02A34B2E700B0870D /* Embed Watch Content */,
			);
			buildRules = (
			);
			dependencies = (
				142B09A02A34B2E400B0870D /* PBXTargetDependency */,
			);
			name = Notes;
			productName = Notes;
			productReference = 142B09972A34B2E400B0870D /* Notes.app */;
			productType = "com.apple.product-type.application.watchapp2-container";
		};
		142B099C2A34B2E400B0870D /* Notes Watch App */ = {
			isa = PBXNativeTarget;
			buildConfigurationList = 142B09AD2A34B2E700B0870D /* Build configuration list for PBXNativeTarget "Notes Watch App" */;
			buildPhases = (
				142B09992A34B2E400B0870D /* Sources */,
				142B099A2A34B2E400B0870D /* Frameworks */,
				142B099B2A34B2E400B0870D /* Resources */,
			);
			buildRules = (
			);
			dependencies = (
			);
			name = "Notes Watch App";
			productName = "Notes Watch App";
			productReference = 142B099D2A34B2E400B0870D /* Notes Watch App.app */;
			productType = "com.apple.product-type.application";
		};
/* End PBXNativeTarget section */

/* Begin PBXProject section */
		142B09912A34B2E400B0870D /* Project object */ = {
			isa = PBXProject;
			attributes = {
				BuildIndependentTargetsInParallel = 1;
				LastSwiftUpdateCheck = 1430;
				LastUpgradeCheck = 1430;
				TargetAttributes = {
					142B09962A34B2E400B0870D = {
						CreatedOnToolsVersion = 14.3.1;
					};
					142B099C2A34B2E400B0870D = {
						CreatedOnToolsVersion = 14.3.1;
					};
				};
			};
			buildConfigurationList = 142B09942A34B2E400B0870D /* Build configuration list for PBXProject "Notes" */;
			compatibilityVersion = "Xcode 14.0";
			developmentRegion = en;
			hasScannedForEncodings = 0;
			knownRegions = (
				en,
				Base,
			);
			mainGroup = 142B09902A34B2E400B0870D;
			productRefGroup = 142B09982A34B2E400B0870D /* Products */;
			projectDirPath = "";
			projectRoot = "";
			targets = (
				142B09962A34B2E400B0870D /* Notes */,
				142B099C2A34B2E400B0870D /* Notes Watch App */,
			);
		};
/* End PBXProject section */

/* Begin PBXResourcesBuildPhase section */
		142B09952A34B2E400B0870D /* Resources */ = {
			isa = PBXResourcesBuildPhase;
			buildActionMask = 2147483647;
			files = (
			);
			runOnlyForDeploymentPostprocessing = 0;
		};
		142B099B2A34B2E400B0870D /* Resources */ = {
			isa = PBXResourcesBuildPhase;
			buildActionMask = 2147483647;
			files = (
				142B09AA2A34B2E700B0870D /* Preview Assets.xcassets in Resources */,
				142B09A72A34B2E700B0870D /* Assets.xcassets in Resources */,
			);
			runOnlyForDeploymentPostprocessing = 0;
		};
/* End PBXResourcesBuildPhase section */

/* Begin PBXSourcesBuildPhase section */
		142B09992A34B2E400B0870D /* Sources */ = {
			isa = PBXSourcesBuildPhase;
			buildActionMask = 2147483647;
			files = (
				142B09A52A34B2E400B0870D /* ContentView.swift in Sources */,
				142B09B92A34B99400B0870D /* DetailView.swift in Sources */,
				142B09A32A34B2E400B0870D /* NotesApp.swift in Sources */,
				142B09B72A34B37700B0870D /* Note.swift in Sources */,
			);
			runOnlyForDeploymentPostprocessing = 0;
		};
/* End PBXSourcesBuildPhase section */

/* Begin PBXTargetDependency section */
		142B09A02A34B2E400B0870D /* PBXTargetDependency */ = {
			isa = PBXTargetDependency;
			target = 142B099C2A34B2E400B0870D /* Notes Watch App */;
			targetProxy = 142B099F2A34B2E400B0870D /* PBXContainerItemProxy */;
		};
/* End PBXTargetDependency section */

/* Begin XCBuildConfiguration section */
		142B09AB2A34B2E700B0870D /* Debug */ = {
			isa = XCBuildConfiguration;
			buildSettings = {
				ALWAYS_SEARCH_USER_PATHS = NO;
				CLANG_ANALYZER_NONNULL = YES;
				CLANG_ANALYZER_NUMBER_OBJECT_CONVERSION = YES_AGGRESSIVE;
				CLANG_CXX_LANGUAGE_STANDARD = "gnu++20";
				CLANG_ENABLE_MODULES = YES;
				CLANG_ENABLE_OBJC_ARC = YES;
				CLANG_ENABLE_OBJC_WEAK = YES;
				CLANG_WARN_BLOCK_CAPTURE_AUTORELEASING = YES;
				CLANG_WARN_BOOL_CONVERSION = YES;
				CLANG_WARN_COMMA = YES;
				CLANG_WARN_CONSTANT_CONVERSION = YES;
				CLANG_WARN_DEPRECATED_OBJC_IMPLEMENTATIONS = YES;
				CLANG_WARN_DIRECT_OBJC_ISA_USAGE = YES_ERROR;
				CLANG_WARN_DOCUMENTATION_COMMENTS = YES;
				CLANG_WARN_EMPTY_BODY = YES;
				CLANG_WARN_ENUM_CONVERSION = YES;
				CLANG_WARN_INFINITE_RECURSION = YES;
				CLANG_WARN_INT_CONVERSION = YES;
				CLANG_WARN_NON_LITERAL_NULL_CONVERSION = YES;
				CLANG_WARN_OBJC_IMPLICIT_RETAIN_SELF = YES;
				CLANG_WARN_OBJC_LITERAL_CONVERSION = YES;
				CLANG_WARN_OBJC_ROOT_CLASS = YES_ERROR;
				CLANG_WARN_QUOTED_INCLUDE_IN_FRAMEWORK_HEADER = YES;
				CLANG_WARN_RANGE_LOOP_ANALYSIS = YES;
				CLANG_WARN_STRICT_PROTOTYPES = YES;
				CLANG_WARN_SUSPICIOUS_MOVE = YES;
				CLANG_WARN_UNGUARDED_AVAILABILITY = YES_AGGRESSIVE;
				CLANG_WARN_UNREACHABLE_CODE = YES;
				CLANG_WARN__DUPLICATE_METHOD_MATCH = YES;
				COPY_PHASE_STRIP = NO;
				DEBUG_INFORMATION_FORMAT = dwarf;
				ENABLE_STRICT_OBJC_MSGSEND = YES;
				ENABLE_TESTABILITY = YES;
				GCC_C_LANGUAGE_STANDARD = gnu11;
				GCC_DYNAMIC_NO_PIC = NO;
				GCC_NO_COMMON_BLOCKS = YES;
				GCC_OPTIMIZATION_LEVEL = 0;
				GCC_PREPROCESSOR_DEFINITIONS = (
					"DEBUG=1",
					"$(inherited)",
				);
				GCC_WARN_64_TO_32_BIT_CONVERSION = YES;
				GCC_WARN_ABOUT_RETURN_TYPE = YES_ERROR;
				GCC_WARN_UNDECLARED_SELECTOR = YES;
				GCC_WARN_UNINITIALIZED_AUTOS = YES_AGGRESSIVE;
				GCC_WARN_UNUSED_FUNCTION = YES;
				GCC_WARN_UNUSED_VARIABLE = YES;
				MTL_ENABLE_DEBUG_INFO = INCLUDE_SOURCE;
				MTL_FAST_MATH = YES;
				ONLY_ACTIVE_ARCH = YES;
				SWIFT_ACTIVE_COMPILATION_CONDITIONS = DEBUG;
				SWIFT_OPTIMIZATION_LEVEL = "-Onone";
			};
			name = Debug;
		};
		142B09AC2A34B2E700B0870D /* Release */ = {
			isa = XCBuildConfiguration;
			buildSettings = {
				ALWAYS_SEARCH_USER_PATHS = NO;
				CLANG_ANALYZER_NONNULL = YES;
				CLANG_ANALYZER_NUMBER_OBJECT_CONVERSION = YES_AGGRESSIVE;
				CLANG_CXX_LANGUAGE_STANDARD = "gnu++20";
				CLANG_ENABLE_MODULES = YES;
				CLANG_ENABLE_OBJC_ARC = YES;
				CLANG_ENABLE_OBJC_WEAK = YES;
				CLANG_WARN_BLOCK_CAPTURE_AUTORELEASING = YES;
				CLANG_WARN_BOOL_CONVERSION = YES;
				CLANG_WARN_COMMA = YES;
				CLANG_WARN_CONSTANT_CONVERSION = YES;
				CLANG_WARN_DEPRECATED_OBJC_IMPLEMENTATIONS = YES;
				CLANG_WARN_DIRECT_OBJC_ISA_USAGE = YES_ERROR;
				CLANG_WARN_DOCUMENTATION_COMMENTS = YES;
				CLANG_WARN_EMPTY_BODY = YES;
				CLANG_WARN_ENUM_CONVERSION = YES;
				CLANG_WARN_INFINITE_RECURSION = YES;
				CLANG_WARN_INT_CONVERSION = YES;
				CLANG_WARN_NON_LITERAL_NULL_CONVERSION = YES;
				CLANG_WARN_OBJC_IMPLICIT_RETAIN_SELF = YES;
				CLANG_WARN_OBJC_LITERAL_CONVERSION = YES;
				CLANG_WARN_OBJC_ROOT_CLASS = YES_ERROR;
				CLANG_WARN_QUOTED_INCLUDE_IN_FRAMEWORK_HEADER = YES;
				CLANG_WARN_RANGE_LOOP_ANALYSIS = YES;
				CLANG_WARN_STRICT_PROTOTYPES = YES;
				CLANG_WARN_SUSPICIOUS_MOVE = YES;
				CLANG_WARN_UNGUARDED_AVAILABILITY = YES_AGGRESSIVE;
				CLANG_WARN_UNREACHABLE_CODE = YES;
				CLANG_WARN__DUPLICATE_METHOD_MATCH = YES;
				COPY_PHASE_STRIP = NO;
				DEBUG_INFORMATION_FORMAT = "dwarf-with-dsym";
				ENABLE_NS_ASSERTIONS = NO;
				ENABLE_STRICT_OBJC_MSGSEND = YES;
				GCC_C_LANGUAGE_STANDARD = gnu11;
				GCC_NO_COMMON_BLOCKS = YES;
				GCC_WARN_64_TO_32_BIT_CONVERSION = YES;
				GCC_WARN_ABOUT_RETURN_TYPE = YES_ERROR;
				GCC_WARN_UNDECLARED_SELECTOR = YES;
				GCC_WARN_UNINITIALIZED_AUTOS = YES_AGGRESSIVE;
				GCC_WARN_UNUSED_FUNCTION = YES;
				GCC_WARN_UNUSED_VARIABLE = YES;
				MTL_ENABLE_DEBUG_INFO = NO;
				MTL_FAST_MATH = YES;
				SWIFT_COMPILATION_MODE = wholemodule;
				SWIFT_OPTIMIZATION_LEVEL = "-O";
			};
			name = Release;
		};
		142B09AE2A34B2E700B0870D /* Debug */ = {
			isa = XCBuildConfiguration;
			buildSettings = {
				ASSETCATALOG_COMPILER_APPICON_NAME = AppIcon;
				ASSETCATALOG_COMPILER_GLOBAL_ACCENT_COLOR_NAME = AccentColor;
				CODE_SIGN_STYLE = Automatic;
				CURRENT_PROJECT_VERSION = 1;
				DEVELOPMENT_ASSET_PATHS = "\"Notes Watch App/Preview Content\"";
				DEVELOPMENT_TEAM = 39LH65FMR6;
				ENABLE_PREVIEWS = YES;
				GENERATE_INFOPLIST_FILE = YES;
				INFOPLIST_KEY_CFBundleDisplayName = Notes;
				INFOPLIST_KEY_UISupportedInterfaceOrientations = "UIInterfaceOrientationPortrait UIInterfaceOrientationPortraitUpsideDown";
				INFOPLIST_KEY_WKWatchOnly = YES;
				LD_RUNPATH_SEARCH_PATHS = (
					"$(inherited)",
					"@executable_path/Frameworks",
				);
				MARKETING_VERSION = 1.0;
				PRODUCT_BUNDLE_IDENTIFIER = com.abhishek.Notes.watchkitapp;
				PRODUCT_NAME = "$(TARGET_NAME)";
				SDKROOT = watchos;
				SKIP_INSTALL = YES;
				SWIFT_EMIT_LOC_STRINGS = YES;
				SWIFT_VERSION = 5.0;
				TARGETED_DEVICE_FAMILY = 4;
				WATCHOS_DEPLOYMENT_TARGET = 9.4;
			};
			name = Debug;
		};
		142B09AF2A34B2E700B0870D /* Release */ = {
			isa = XCBuildConfiguration;
			buildSettings = {
				ASSETCATALOG_COMPILER_APPICON_NAME = AppIcon;
				ASSETCATALOG_COMPILER_GLOBAL_ACCENT_COLOR_NAME = AccentColor;
				CODE_SIGN_STYLE = Automatic;
				CURRENT_PROJECT_VERSION = 1;
				DEVELOPMENT_ASSET_PATHS = "\"Notes Watch App/Preview Content\"";
				DEVELOPMENT_TEAM = 39LH65FMR6;
				ENABLE_PREVIEWS = YES;
				GENERATE_INFOPLIST_FILE = YES;
				INFOPLIST_KEY_CFBundleDisplayName = Notes;
				INFOPLIST_KEY_UISupportedInterfaceOrientations = "UIInterfaceOrientationPortrait UIInterfaceOrientationPortraitUpsideDown";
				INFOPLIST_KEY_WKWatchOnly = YES;
				LD_RUNPATH_SEARCH_PATHS = (
					"$(inherited)",
					"@executable_path/Frameworks",
				);
				MARKETING_VERSION = 1.0;
				PRODUCT_BUNDLE_IDENTIFIER = com.abhishek.Notes.watchkitapp;
				PRODUCT_NAME = "$(TARGET_NAME)";
				SDKROOT = watchos;
				SKIP_INSTALL = YES;
				SWIFT_EMIT_LOC_STRINGS = YES;
				SWIFT_VERSION = 5.0;
				TARGETED_DEVICE_FAMILY = 4;
				VALIDATE_PRODUCT = YES;
				WATCHOS_DEPLOYMENT_TARGET = 9.4;
			};
			name = Release;
		};
		142B09B22A34B2E700B0870D /* Debug */ = {
			isa = XCBuildConfiguration;
			buildSettings = {
				ALWAYS_EMBED_SWIFT_STANDARD_LIBRARIES = YES;
				CODE_SIGN_STYLE = Automatic;
				CURRENT_PROJECT_VERSION = 1;
				DEVELOPMENT_TEAM = 39LH65FMR6;
				INFOPLIST_KEY_CFBundleDisplayName = Notes;
				MARKETING_VERSION = 1.0;
				PRODUCT_BUNDLE_IDENTIFIER = com.abhishek.Notes;
				PRODUCT_NAME = "$(TARGET_NAME)";
				SDKROOT = iphoneos;
				SWIFT_VERSION = 5.0;
			};
			name = Debug;
		};
		142B09B32A34B2E700B0870D /* Release */ = {
			isa = XCBuildConfiguration;
			buildSettings = {
				ALWAYS_EMBED_SWIFT_STANDARD_LIBRARIES = YES;
				CODE_SIGN_STYLE = Automatic;
				CURRENT_PROJECT_VERSION = 1;
				DEVELOPMENT_TEAM = 39LH65FMR6;
				INFOPLIST_KEY_CFBundleDisplayName = Notes;
				MARKETING_VERSION = 1.0;
				PRODUCT_BUNDLE_IDENTIFIER = com.abhishek.Notes;
				PRODUCT_NAME = "$(TARGET_NAME)";
				SDKROOT = iphoneos;
				SWIFT_VERSION = 5.0;
				VALIDATE_PRODUCT = YES;
			};
			name = Release;
		};
/* End XCBuildConfiguration section */

/* Begin XCConfigurationList section */
		142B09942A34B2E400B0870D /* Build configuration list for PBXProject "Notes" */ = {
			isa = XCConfigurationList;
			buildConfigurations = (
				142B09AB2A34B2E700B0870D /* Debug */,
				142B09AC2A34B2E700B0870D /* Release */,
			);
			defaultConfigurationIsVisible = 0;
			defaultConfigurationName = Release;
		};
		142B09AD2A34B2E700B0870D /* Build configuration list for PBXNativeTarget "Notes Watch App" */ = {
			isa = XCConfigurationList;
			buildConfigurations = (
				142B09AE2A34B2E700B0870D /* Debug */,
				142B09AF2A34B2E700B0870D /* Release */,
			);
			defaultConfigurationIsVisible = 0;
			defaultConfigurationName = Release;
		};
		142B09B12A34B2E700B0870D /* Build configuration list for PBXNativeTarget "Notes" */ = {
			isa = XCConfigurationList;
			buildConfigurations = (
				142B09B22A34B2E700B0870D /* Debug */,
				142B09B32A34B2E700B0870D /* Release */,
			);
			defaultConfigurationIsVisible = 0;
			defaultConfigurationName = Release;
		};
/* End XCConfigurationList section */
	};
	rootObject = 142B09912A34B2E400B0870D /* Project object */;
}
